
Microsoft Visual Studio Solution File, Format Version 12.00
# Visual Studio Version 17
VisualStudioVersion = 17.9.34728.123
MinimumVisualStudioVersion = 10.0.40219.1
Project("{9A19103F-16F7-4668-BE54-9A1E7A4F7556}") = "RealEstate_Dapper_Api", "RealEstate_Dapper_Api\RealEstate_Dapper_Api.csproj", "{54042F17-3864-4901-A071-4BC9D61D8AA0}"
	ProjectSection(ProjectDependencies) = postProject
		{035CDE41-1A82-4B1A-BD8C-B0BBDA6DB3A4} = {035CDE41-1A82-4B1A-BD8C-B0BBDA6DB3A4}
		{2D139521-5E3A-49E0-AC44-4DE700588A85} = {2D139521-5E3A-49E0-AC44-4DE700588A85}
		{D904F366-160B-421E-BDBD-8A5D5DEB7611} = {D904F366-160B-421E-BDBD-8A5D5DEB7611}
		{D9DF7280-A006-4EFD-BE57-48F925E99E74} = {D9DF7280-A006-4EFD-BE57-48F925E99E74}
	EndProjectSection
EndProject
Project("{9A19103F-16F7-4668-BE54-9A1E7A4F7556}") = "RealEstate_Dapper_UI", "..\RealEstate_Dapper_UI\RealEstate_Dapper_UI.csproj", "{19304D72-CB33-45E3-AA33-0C1B97BC6C22}"
	ProjectSection(ProjectDependencies) = postProject
		{035CDE41-1A82-4B1A-BD8C-B0BBDA6DB3A4} = {035CDE41-1A82-4B1A-BD8C-B0BBDA6DB3A4}
		{2D139521-5E3A-49E0-AC44-4DE700588A85} = {2D139521-5E3A-49E0-AC44-4DE700588A85}
		{54042F17-3864-4901-A071-4BC9D61D8AA0} = {54042F17-3864-4901-A071-4BC9D61D8AA0}
		{D904F366-160B-421E-BDBD-8A5D5DEB7611} = {D904F366-160B-421E-BDBD-8A5D5DEB7611}
		{D9DF7280-A006-4EFD-BE57-48F925E99E74} = {D9DF7280-A006-4EFD-BE57-48F925E99E74}
	EndProjectSection
EndProject
Project("{FAE04EC0-301F-11D3-BF4B-00C04F79EFBC}") = "EntityLayer", "EntityLayer\EntityLayer.csproj", "{2D139521-5E3A-49E0-AC44-4DE700588A85}"
EndProject
Project("{FAE04EC0-301F-11D3-BF4B-00C04F79EFBC}") = "DataTransferObjectLayer", "DataTransferObjectLayer\DataTransferObjectLayer.csproj", "{035CDE41-1A82-4B1A-BD8C-B0BBDA6DB3A4}"
	ProjectSection(ProjectDependencies) = postProject
		{2D139521-5E3A-49E0-AC44-4DE700588A85} = {2D139521-5E3A-49E0-AC44-4DE700588A85}
	EndProjectSection
EndProject
Project("{FAE04EC0-301F-11D3-BF4B-00C04F79EFBC}") = "DataAccessLayer", "DataAccessLayer\DataAccessLayer.csproj", "{D904F366-160B-421E-BDBD-8A5D5DEB7611}"
	ProjectSection(ProjectDependencies) = postProject
		{2D139521-5E3A-49E0-AC44-4DE700588A85} = {2D139521-5E3A-49E0-AC44-4DE700588A85}
	EndProjectSection
EndProject
Project("{FAE04EC0-301F-11D3-BF4B-00C04F79EFBC}") = "BusinessLayer", "BusinessLayer\BusinessLayer.csproj", "{D9DF7280-A006-4EFD-BE57-48F925E99E74}"
	ProjectSection(ProjectDependencies) = postProject
		{035CDE41-1A82-4B1A-BD8C-B0BBDA6DB3A4} = {035CDE41-1A82-4B1A-BD8C-B0BBDA6DB3A4}
		{2D139521-5E3A-49E0-AC44-4DE700588A85} = {2D139521-5E3A-49E0-AC44-4DE700588A85}
		{D904F366-160B-421E-BDBD-8A5D5DEB7611} = {D904F366-160B-421E-BDBD-8A5D5DEB7611}
	EndProjectSection
EndProject
Global
	GlobalSection(SolutionConfigurationPlatforms) = preSolution
		Debug|Any CPU = Debug|Any CPU
		Release|Any CPU = Release|Any CPU
	EndGlobalSection
	GlobalSection(ProjectConfigurationPlatforms) = postSolution
		{54042F17-3864-4901-A071-4BC9D61D8AA0}.Debug|Any CPU.ActiveCfg = Debug|Any CPU
		{54042F17-3864-4901-A071-4BC9D61D8AA0}.Debug|Any CPU.Build.0 = Debug|Any CPU
		{54042F17-3864-4901-A071-4BC9D61D8AA0}.Release|Any CPU.ActiveCfg = Release|Any CPU
		{54042F17-3864-4901-A071-4BC9D61D8AA0}.Release|Any CPU.Build.0 = Release|Any CPU
		{19304D72-CB33-45E3-AA33-0C1B97BC6C22}.Debug|Any CPU.ActiveCfg = Debug|Any CPU
		{19304D72-CB33-45E3-AA33-0C1B97BC6C22}.Debug|Any CPU.Build.0 = Debug|Any CPU
		{19304D72-CB33-45E3-AA33-0C1B97BC6C22}.Release|Any CPU.ActiveCfg = Release|Any CPU
		{19304D72-CB33-45E3-AA33-0C1B97BC6C22}.Release|Any CPU.Build.0 = Release|Any CPU
		{2D139521-5E3A-49E0-AC44-4DE700588A85}.Debug|Any CPU.ActiveCfg = Debug|Any CPU
		{2D139521-5E3A-49E0-AC44-4DE700588A85}.Debug|Any CPU.Build.0 = Debug|Any CPU
		{2D139521-5E3A-49E0-AC44-4DE700588A85}.Release|Any CPU.ActiveCfg = Release|Any CPU
		{2D139521-5E3A-49E0-AC44-4DE700588A85}.Release|Any CPU.Build.0 = Release|Any CPU
		{035CDE41-1A82-4B1A-BD8C-B0BBDA6DB3A4}.Debug|Any CPU.ActiveCfg = Debug|Any CPU
		{035CDE41-1A82-4B1A-BD8C-B0BBDA6DB3A4}.Debug|Any CPU.Build.0 = Debug|Any CPU
		{035CDE41-1A82-4B1A-BD8C-B0BBDA6DB3A4}.Release|Any CPU.ActiveCfg = Release|Any CPU
		{035CDE41-1A82-4B1A-BD8C-B0BBDA6DB3A4}.Release|Any CPU.Build.0 = Release|Any CPU
		{D904F366-160B-421E-BDBD-8A5D5DEB7611}.Debug|Any CPU.ActiveCfg = Debug|Any CPU
		{D904F366-160B-421E-BDBD-8A5D5DEB7611}.Debug|Any CPU.Build.0 = Debug|Any CPU
		{D904F366-160B-421E-BDBD-8A5D5DEB7611}.Release|Any CPU.ActiveCfg = Release|Any CPU
		{D904F366-160B-421E-BDBD-8A5D5DEB7611}.Release|Any CPU.Build.0 = Release|Any CPU
		{D9DF7280-A006-4EFD-BE57-48F925E99E74}.Debug|Any CPU.ActiveCfg = Debug|Any CPU
		{D9DF7280-A006-4EFD-BE57-48F925E99E74}.Debug|Any CPU.Build.0 = Debug|Any CPU
		{D9DF7280-A006-4EFD-BE57-48F925E99E74}.Release|Any CPU.ActiveCfg = Release|Any CPU
		{D9DF7280-A006-4EFD-BE57-48F925E99E74}.Release|Any CPU.Build.0 = Release|Any CPU
	EndGlobalSection
	GlobalSection(SolutionProperties) = preSolution
		HideSolutionNode = FALSE
	EndGlobalSection
	GlobalSection(ExtensibilityGlobals) = postSolution
		SolutionGuid = {50098C94-90D7-47A9-BDEA-6D586DAC1F57}
	EndGlobalSection
EndGlobal
